
Microsoft Visual Studio Solution File, Format Version 12.00
# Visual Studio Version 17
VisualStudioVersion = 17.3.32825.248
MinimumVisualStudioVersion = 10.0.40219.1
Project("{FAE04EC0-301F-11D3-BF4B-00C04F79EFBC}") = "ConsoleApp4", "ConsoleApp4\ConsoleApp4.csproj", "{EDEDB2AB-CB06-4024-A285-0AF7ABD6AA27}"
EndProject
Global
	GlobalSection(SolutionConfigurationPlatforms) = preSolution
		Debug|Any CPU = Debug|Any CPU
		Release|Any CPU = Release|Any CPU
	EndGlobalSection
	GlobalSection(ProjectConfigurationPlatforms) = postSolution
		{EDEDB2AB-CB06-4024-A285-0AF7ABD6AA27}.Debug|Any CPU.ActiveCfg = Debug|Any CPU
		{EDEDB2AB-CB06-4024-A285-0AF7ABD6AA27}.Debug|Any CPU.Build.0 = Debug|Any CPU
		{EDEDB2AB-CB06-4024-A285-0AF7ABD6AA27}.Release|Any CPU.ActiveCfg = Release|Any CPU
		{EDEDB2AB-CB06-4024-A285-0AF7ABD6AA27}.Release|Any CPU.Build.0 = Release|Any CPU
	EndGlobalSection
	GlobalSection(SolutionProperties) = preSolution
		HideSolutionNode = FALSE
	EndGlobalSection
	GlobalSection(ExtensibilityGlobals) = postSolution
		SolutionGuid = {A0D4FB24-4FE5-4136-AD69-6F5449E3ECA5}
	EndGlobalSection
EndGlobal
